
Microsoft Visual Studio Solution File, Format Version 12.00
# Visual Studio Version 17
VisualStudioVersion = 17.0.31903.59
MinimumVisualStudioVersion = 10.0.40219.1
Project("{2150E333-8FDC-42A3-9474-1A3956D46DE8}") = "src", "src", "{513CCBFB-EB1A-4595-A240-4B1B8ECC4134}"
EndProject
Project("{FAE04EC0-301F-11D3-BF4B-00C04F79EFBC}") = "TrackingCompanies.Domain", "src\TrackingCompanies.Domain\TrackingCompanies.Domain.csproj", "{5B3A25A9-E3D7-4A19-AB3C-8C74BBF58CB9}"
EndProject
Global
	GlobalSection(SolutionConfigurationPlatforms) = preSolution
		Debug|Any CPU = Debug|Any CPU
		Release|Any CPU = Release|Any CPU
	EndGlobalSection
	GlobalSection(SolutionProperties) = preSolution
		HideSolutionNode = FALSE
	EndGlobalSection
	GlobalSection(NestedProjects) = preSolution
		{5B3A25A9-E3D7-4A19-AB3C-8C74BBF58CB9} = {513CCBFB-EB1A-4595-A240-4B1B8ECC4134}
	EndGlobalSection
	GlobalSection(ProjectConfigurationPlatforms) = postSolution
		{5B3A25A9-E3D7-4A19-AB3C-8C74BBF58CB9}.Debug|Any CPU.ActiveCfg = Debug|Any CPU
		{5B3A25A9-E3D7-4A19-AB3C-8C74BBF58CB9}.Debug|Any CPU.Build.0 = Debug|Any CPU
		{5B3A25A9-E3D7-4A19-AB3C-8C74BBF58CB9}.Release|Any CPU.ActiveCfg = Release|Any CPU
		{5B3A25A9-E3D7-4A19-AB3C-8C74BBF58CB9}.Release|Any CPU.Build.0 = Release|Any CPU
	EndGlobalSection
EndGlobal
